
Microsoft Visual Studio Solution File, Format Version 12.00
# Visual Studio Version 16
VisualStudioVersion = 16.0.30413.136
MinimumVisualStudioVersion = 10.0.40219.1
Project("{2150E333-8FDC-42A3-9474-1A3956D46DE8}") = "Common", "Common", "{9581C869-8D16-4146-A124-79659776AE8C}"
EndProject
Project("{9A19103F-16F7-4668-BE54-9A1E7A4F7556}") = "ReserveMicroservice.Common.Infra.Helper", "ReserveMicroservice.Common.Infra.Helper\ReserveMicroservice.Common.Infra.Helper.csproj", "{C4AC9CBF-8A71-4771-AC2B-CEF45A2B5862}"
EndProject
Project("{9A19103F-16F7-4668-BE54-9A1E7A4F7556}") = "ReserveMicroservice.Common.Infra.DataAccess", "ReserveMicroservice.Common.Infra.DataAccess\ReserveMicroservice.Common.Infra.DataAccess.csproj", "{7643AB05-81B0-496B-88E9-4B54A15B7BB7}"
EndProject
Project("{9A19103F-16F7-4668-BE54-9A1E7A4F7556}") = "ReserveMicroservice.Common.Domain", "ReserveMicroservice.Common.Domain\ReserveMicroservice.Common.Domain.csproj", "{93B3D34B-FE34-41A7-BE72-DCA7662EF690}"
EndProject
Project("{2150E333-8FDC-42A3-9474-1A3956D46DE8}") = "1 - Application", "1 - Application", "{D6016823-59C2-47A3-BAF7-46DA5936AE0C}"
EndProject
Project("{2150E333-8FDC-42A3-9474-1A3956D46DE8}") = "2 - Domain", "2 - Domain", "{69C890E6-5D14-459F-A590-D0808A092FAA}"
EndProject
Project("{2150E333-8FDC-42A3-9474-1A3956D46DE8}") = "3 - Infrastructure", "3 - Infrastructure", "{FFD4E263-F98C-497A-943E-42AA32F70734}"
EndProject
Project("{9A19103F-16F7-4668-BE54-9A1E7A4F7556}") = "ReserveMicroservice.Application.Api", "ReserveMicroservice.Application.Api\ReserveMicroservice.Application.Api.csproj", "{EAD223C1-1F1C-4FDF-BCB4-643B4D0064C8}"
EndProject
Project("{9A19103F-16F7-4668-BE54-9A1E7A4F7556}") = "ReserveMicroservice.Domain", "ReserveMicroservice.Domain\ReserveMicroservice.Domain.csproj", "{642801AE-3828-45A5-8F90-70E36E9F44DC}"
EndProject
Project("{9A19103F-16F7-4668-BE54-9A1E7A4F7556}") = "ReserveMicroservice.Infra", "ReserveMicroservice.Infra\ReserveMicroservice.Infra.csproj", "{0B08587D-0EFF-48A6-868E-11D6F32F1361}"
EndProject
Global
	GlobalSection(SolutionConfigurationPlatforms) = preSolution
		Debug|Any CPU = Debug|Any CPU
		Release|Any CPU = Release|Any CPU
	EndGlobalSection
	GlobalSection(ProjectConfigurationPlatforms) = postSolution
		{C4AC9CBF-8A71-4771-AC2B-CEF45A2B5862}.Debug|Any CPU.ActiveCfg = Debug|Any CPU
		{C4AC9CBF-8A71-4771-AC2B-CEF45A2B5862}.Debug|Any CPU.Build.0 = Debug|Any CPU
		{C4AC9CBF-8A71-4771-AC2B-CEF45A2B5862}.Release|Any CPU.ActiveCfg = Release|Any CPU
		{C4AC9CBF-8A71-4771-AC2B-CEF45A2B5862}.Release|Any CPU.Build.0 = Release|Any CPU
		{7643AB05-81B0-496B-88E9-4B54A15B7BB7}.Debug|Any CPU.ActiveCfg = Debug|Any CPU
		{7643AB05-81B0-496B-88E9-4B54A15B7BB7}.Debug|Any CPU.Build.0 = Debug|Any CPU
		{7643AB05-81B0-496B-88E9-4B54A15B7BB7}.Release|Any CPU.ActiveCfg = Release|Any CPU
		{7643AB05-81B0-496B-88E9-4B54A15B7BB7}.Release|Any CPU.Build.0 = Release|Any CPU
		{93B3D34B-FE34-41A7-BE72-DCA7662EF690}.Debug|Any CPU.ActiveCfg = Debug|Any CPU
		{93B3D34B-FE34-41A7-BE72-DCA7662EF690}.Debug|Any CPU.Build.0 = Debug|Any CPU
		{93B3D34B-FE34-41A7-BE72-DCA7662EF690}.Release|Any CPU.ActiveCfg = Release|Any CPU
		{93B3D34B-FE34-41A7-BE72-DCA7662EF690}.Release|Any CPU.Build.0 = Release|Any CPU
		{EAD223C1-1F1C-4FDF-BCB4-643B4D0064C8}.Debug|Any CPU.ActiveCfg = Debug|Any CPU
		{EAD223C1-1F1C-4FDF-BCB4-643B4D0064C8}.Debug|Any CPU.Build.0 = Debug|Any CPU
		{EAD223C1-1F1C-4FDF-BCB4-643B4D0064C8}.Release|Any CPU.ActiveCfg = Release|Any CPU
		{EAD223C1-1F1C-4FDF-BCB4-643B4D0064C8}.Release|Any CPU.Build.0 = Release|Any CPU
		{642801AE-3828-45A5-8F90-70E36E9F44DC}.Debug|Any CPU.ActiveCfg = Debug|Any CPU
		{642801AE-3828-45A5-8F90-70E36E9F44DC}.Debug|Any CPU.Build.0 = Debug|Any CPU
		{642801AE-3828-45A5-8F90-70E36E9F44DC}.Release|Any CPU.ActiveCfg = Release|Any CPU
		{642801AE-3828-45A5-8F90-70E36E9F44DC}.Release|Any CPU.Build.0 = Release|Any CPU
		{0B08587D-0EFF-48A6-868E-11D6F32F1361}.Debug|Any CPU.ActiveCfg = Debug|Any CPU
		{0B08587D-0EFF-48A6-868E-11D6F32F1361}.Debug|Any CPU.Build.0 = Debug|Any CPU
		{0B08587D-0EFF-48A6-868E-11D6F32F1361}.Release|Any CPU.ActiveCfg = Release|Any CPU
		{0B08587D-0EFF-48A6-868E-11D6F32F1361}.Release|Any CPU.Build.0 = Release|Any CPU
	EndGlobalSection
	GlobalSection(SolutionProperties) = preSolution
		HideSolutionNode = FALSE
	EndGlobalSection
	GlobalSection(NestedProjects) = preSolution
		{C4AC9CBF-8A71-4771-AC2B-CEF45A2B5862} = {9581C869-8D16-4146-A124-79659776AE8C}
		{7643AB05-81B0-496B-88E9-4B54A15B7BB7} = {9581C869-8D16-4146-A124-79659776AE8C}
		{93B3D34B-FE34-41A7-BE72-DCA7662EF690} = {9581C869-8D16-4146-A124-79659776AE8C}
		{EAD223C1-1F1C-4FDF-BCB4-643B4D0064C8} = {D6016823-59C2-47A3-BAF7-46DA5936AE0C}
		{642801AE-3828-45A5-8F90-70E36E9F44DC} = {69C890E6-5D14-459F-A590-D0808A092FAA}
		{0B08587D-0EFF-48A6-868E-11D6F32F1361} = {FFD4E263-F98C-497A-943E-42AA32F70734}
	EndGlobalSection
	GlobalSection(ExtensibilityGlobals) = postSolution
		SolutionGuid = {B78E0DA2-306C-4AEF-8B23-51EFA3B8BDA1}
	EndGlobalSection
EndGlobal
